{
  "version": "5",
  "specifiers": {
    "jsr:@huuma/ui@0.1": "0.1.0",
    "jsr:@std/html@^1.0.4": "1.0.4"
  },
  "jsr": {
    "@huuma/ui@0.1.0": {
      "integrity": "7f44d489251e3add7d7f890caabba48c639cd35f2f3ad63c92172d413b9ff817",
      "dependencies": [
        "jsr:@std/html"
      ]
    },
    "@std/html@1.0.4": {
      "integrity": "eff3497c08164e6ada49b7f81a28b5108087033823153d065e3f89467dd3d50e"
    }
  },
  "workspace": {
    "dependencies": [
      "jsr:@huuma/ui@0.1"
    ]
  }
}
